
Microsoft Visual Studio Solution File, Format Version 12.00
# Visual Studio 2013
VisualStudioVersion = 12.0.31101.0
MinimumVisualStudioVersion = 10.0.40219.1
Project("{FAE04EC0-301F-11D3-BF4B-00C04F79EFBC}") = "WebApplication1", "WebApplication1\WebApplication1.csproj", "{151DF51D-33AB-436C-A6D2-DBD6F99B56CF}"
EndProject
Project("{2150E333-8FDC-42A3-9474-1A3956D46DE8}") = "PublishScripts", "PublishScripts", "{5D9A874F-3AEB-476E-9306-9CF5971B96CF}"
	ProjectSection(SolutionItems) = preProject
		PublishScripts\AzureWebsitePublishModule.psm1 = PublishScripts\AzureWebsitePublishModule.psm1
		PublishScripts\Publish-WebApplicationWebsite.ps1 = PublishScripts\Publish-WebApplicationWebsite.ps1
	EndProjectSection
EndProject
Project("{2150E333-8FDC-42A3-9474-1A3956D46DE8}") = "Configurations", "Configurations", "{36D57D74-994A-4976-86BA-79A12FBBC569}"
	ProjectSection(SolutionItems) = preProject
		PublishScripts\Configurations\WebApplication1-WAWS-dev.json = PublishScripts\Configurations\WebApplication1-WAWS-dev.json
	EndProjectSection
EndProject
Global
	GlobalSection(SolutionConfigurationPlatforms) = preSolution
		Debug|Any CPU = Debug|Any CPU
		Release|Any CPU = Release|Any CPU
	EndGlobalSection
	GlobalSection(ProjectConfigurationPlatforms) = postSolution
		{151DF51D-33AB-436C-A6D2-DBD6F99B56CF}.Debug|Any CPU.ActiveCfg = Debug|Any CPU
		{151DF51D-33AB-436C-A6D2-DBD6F99B56CF}.Debug|Any CPU.Build.0 = Debug|Any CPU
		{151DF51D-33AB-436C-A6D2-DBD6F99B56CF}.Release|Any CPU.ActiveCfg = Release|Any CPU
		{151DF51D-33AB-436C-A6D2-DBD6F99B56CF}.Release|Any CPU.Build.0 = Release|Any CPU
	EndGlobalSection
	GlobalSection(SolutionProperties) = preSolution
		HideSolutionNode = FALSE
	EndGlobalSection
	GlobalSection(NestedProjects) = preSolution
		{36D57D74-994A-4976-86BA-79A12FBBC569} = {5D9A874F-3AEB-476E-9306-9CF5971B96CF}
	EndGlobalSection
EndGlobal
